<?xml version="1.0" encoding="UTF-8" standalone="yes" ?>
<CodeBlocks_project_file>
	<FileVersion major="1" minor="6" />
	<Project>
		<Option title="WarriorsRestTest" />
		<Option pch_mode="2" />
		<Option compiler="gcc" />
		<Build>
			<Target title="Debug">
				<Option output="bin/Debug/WarriorsRestTest" prefix_auto="1" extension_auto="1" />
				<Option object_output="obj/Debug/" />
				<Option type="1" />
				<Option compiler="gcc" />
				<Compiler>
					<Add option="-g" />
					<Add directory="include" />
					<Add directory="include/States" />
					<Add directory="include/Entities" />
					<Add directory="include/CollidableObject" />
					<Add directory="include/Commons" />
					<Add directory="include/Observer" />
				</Compiler>
				<Linker>
					<Add library="sfml-graphics" />
					<Add library="sfml-window" />
					<Add library="sfml-system" />
				</Linker>
			</Target>
			<Target title="Release">
				<Option output="bin/Release/WarriorsRestTest" prefix_auto="1" extension_auto="1" />
				<Option object_output="obj/Release/" />
				<Option type="0" />
				<Option compiler="gcc" />
				<Compiler>
					<Add option="-O2" />
					<Add directory="include" />
					<Add directory="include/States" />
					<Add directory="include/Entities" />
					<Add directory="include/CollidableObject" />
					<Add directory="include/Commons" />
					<Add directory="include/Observer" />
				</Compiler>
				<Linker>
					<Add option="-s" />
					<Add library="sfml-graphics" />
					<Add library="sfml-window" />
					<Add library="sfml-system" />
				</Linker>
			</Target>
		</Build>
		<Compiler>
			<Add option="-Wall" />
		</Compiler>
		<Unit filename="cb.bmp" />
		<Unit filename="include/CollidableObject/Enemy.h" />
		<Unit filename="include/CollidableObject/Hitbox.h" />
		<Unit filename="include/CollidableObject/HitboxCollider.h" />
		<Unit filename="include/CollidableObject/HitboxInitialiser.h" />
		<Unit filename="include/CollidableObject/Wall.h" />
		<Unit filename="include/Commons/IDimensions.h" />
		<Unit filename="include/Commons/IStateId.h" />
		<Unit filename="include/Entities/Entity.h" />
		<Unit filename="include/Game.h" />
		<Unit filename="include/State.h" />
		<Unit filename="include/States/BattleState.h" />
		<Unit filename="include/States/GameState.h" />
		<Unit filename="main.cpp" />
		<Unit filename="src/CollidableObject/Enemy.cpp" />
		<Unit filename="src/CollidableObject/Hitbox.cpp" />
		<Unit filename="src/CollidableObject/HitboxCollider.cpp" />
		<Unit filename="src/CollidableObject/HitboxInitialiser.cpp" />
		<Unit filename="src/CollidableObject/Wall.cpp" />
		<Unit filename="src/Commons/IDimensions.cpp" />
		<Unit filename="src/Commons/IStateId.cpp" />
		<Unit filename="src/Entities/Entity.cpp" />
		<Unit filename="src/Game.cpp" />
		<Unit filename="src/State.cpp" />
		<Unit filename="src/States/BattleState.cpp" />
		<Unit filename="src/States/GameState.cpp" />
		<Extensions />
	</Project>
</CodeBlocks_project_file>
